
Microsoft Visual Studio Solution File, Format Version 12.00
# Visual Studio Version 17
VisualStudioVersion = 17.10.35013.160
MinimumVisualStudioVersion = 10.0.40219.1
Project("{FAE04EC0-301F-11D3-BF4B-00C04F79EFBC}") = "PasswordBuilder.Management", "PasswordBuilder.Management\PasswordBuilder.Management.csproj", "{E70A814E-FF83-4D3C-951E-050163750725}"
EndProject
Project("{FAE04EC0-301F-11D3-BF4B-00C04F79EFBC}") = "PasswordBuilder.Management.Test", "PasswordBuilder.Management.Test\PasswordBuilder.Management.Test.csproj", "{1587AFB1-A704-4761-B906-9AB9E5E2E275}"
EndProject
Global
	GlobalSection(SolutionConfigurationPlatforms) = preSolution
		Debug|Any CPU = Debug|Any CPU
		Release|Any CPU = Release|Any CPU
	EndGlobalSection
	GlobalSection(ProjectConfigurationPlatforms) = postSolution
		{E70A814E-FF83-4D3C-951E-050163750725}.Debug|Any CPU.ActiveCfg = Debug|Any CPU
		{E70A814E-FF83-4D3C-951E-050163750725}.Debug|Any CPU.Build.0 = Debug|Any CPU
		{E70A814E-FF83-4D3C-951E-050163750725}.Release|Any CPU.ActiveCfg = Release|Any CPU
		{E70A814E-FF83-4D3C-951E-050163750725}.Release|Any CPU.Build.0 = Release|Any CPU
		{1587AFB1-A704-4761-B906-9AB9E5E2E275}.Debug|Any CPU.ActiveCfg = Debug|Any CPU
		{1587AFB1-A704-4761-B906-9AB9E5E2E275}.Debug|Any CPU.Build.0 = Debug|Any CPU
		{1587AFB1-A704-4761-B906-9AB9E5E2E275}.Release|Any CPU.ActiveCfg = Release|Any CPU
		{1587AFB1-A704-4761-B906-9AB9E5E2E275}.Release|Any CPU.Build.0 = Release|Any CPU
	EndGlobalSection
	GlobalSection(SolutionProperties) = preSolution
		HideSolutionNode = FALSE
	EndGlobalSection
	GlobalSection(ExtensibilityGlobals) = postSolution
		SolutionGuid = {0BE55A24-473C-4183-B955-EE6DA00BB0DC}
	EndGlobalSection
EndGlobal
